// !$*UTF8*$!
{
	archiveVersion = 1;
	classes = {
	};
	objectVersion = 51;
	objects = {

/* Begin PBXBuildFile section */
		543CAAC22425785F0056A35F /* TestAnimations in Resources */ = {isa = PBXBuildFile; fileRef = 543CAAC12425785F0056A35F /* TestAnimations */; };
		543CAAC32425785F0056A35F /* TestAnimations in Resources */ = {isa = PBXBuildFile; fileRef = 543CAAC12425785F0056A35F /* TestAnimations */; };
		543CAAC42425785F0056A35F /* TestAnimations in Resources */ = {isa = PBXBuildFile; fileRef = 543CAAC12425785F0056A35F /* TestAnimations */; };
		54AE36492425728F0060013F /* AppDelegate.swift in Sources */ = {isa = PBXBuildFile; fileRef = 54AE36482425728F0060013F /* AppDelegate.swift */; };
		54AE364B2425728F0060013F /* SceneDelegate.swift in Sources */ = {isa = PBXBuildFile; fileRef = 54AE364A2425728F0060013F /* SceneDelegate.swift */; };
		54AE364D2425728F0060013F /* ViewController.swift in Sources */ = {isa = PBXBuildFile; fileRef = 54AE364C2425728F0060013F /* ViewController.swift */; };
		54AE36502425728F0060013F /* Main.storyboard in Resources */ = {isa = PBXBuildFile; fileRef = 54AE364E2425728F0060013F /* Main.storyboard */; };
		54AE3652242572910060013F /* Assets.xcassets in Resources */ = {isa = PBXBuildFile; fileRef = 54AE3651242572910060013F /* Assets.xcassets */; };
		54AE3655242572910060013F /* LaunchScreen.storyboard in Resources */ = {isa = PBXBuildFile; fileRef = 54AE3653242572910060013F /* LaunchScreen.storyboard */; };
		54AE3660242572910060013F /* LottieExampleTests.swift in Sources */ = {isa = PBXBuildFile; fileRef = 54AE365F242572910060013F /* LottieExampleTests.swift */; };
		54AE366B242572910060013F /* LottieExampleUITests.swift in Sources */ = {isa = PBXBuildFile; fileRef = 54AE366A242572910060013F /* LottieExampleUITests.swift */; };
		5953854A5435D1F91B1B98AA /* Pods_LottieExample_LottieExampleUITests.framework in Frameworks */ = {isa = PBXBuildFile; fileRef = 33CEBD7D74BD9972FB5EE94F /* Pods_LottieExample_LottieExampleUITests.framework */; };
		5CB128A7DEAB2F1C43B0A2CB /* Pods_LottieExample.framework in Frameworks */ = {isa = PBXBuildFile; fileRef = 84376811218EDDB31C6E5D3F /* Pods_LottieExample.framework */; };
		B80CA3A175143618A66041AA /* Pods_LottieExampleTests.framework in Frameworks */ = {isa = PBXBuildFile; fileRef = 742C99BE35F9AD61617B53E8 /* Pods_LottieExampleTests.framework */; };
/* End PBXBuildFile section */

/* Begin PBXContainerItemProxy section */
		54AE365C242572910060013F /* PBXContainerItemProxy */ = {
			isa = PBXContainerItemProxy;
			containerPortal = 54AE363D2425728F0060013F /* Project object */;
			proxyType = 1;
			remoteGlobalIDString = 54AE36442425728F0060013F;
			remoteInfo = LottieExample;
		};
		54AE3667242572910060013F /* PBXContainerItemProxy */ = {
			isa = PBXContainerItemProxy;
			containerPortal = 54AE363D2425728F0060013F /* Project object */;
			proxyType = 1;
			remoteGlobalIDString = 54AE36442425728F0060013F;
			remoteInfo = LottieExample;
		};
/* End PBXContainerItemProxy section */

/* Begin PBXFileReference section */
		0D4233C752107DDE6F4EE056 /* Pods-LottieExample-LottieExampleUITests.release.xcconfig */ = {isa = PBXFileReference; includeInIndex = 1; lastKnownFileType = text.xcconfig; name = "Pods-LottieExample-LottieExampleUITests.release.xcconfig"; path = "Target Support Files/Pods-LottieExample-LottieExampleUITests/Pods-LottieExample-LottieExampleUITests.release.xcconfig"; sourceTree = "<group>"; };
		33CEBD7D74BD9972FB5EE94F /* Pods_LottieExample_LottieExampleUITests.framework */ = {isa = PBXFileReference; explicitFileType = wrapper.framework; includeInIndex = 0; path = Pods_LottieExample_LottieExampleUITests.framework; sourceTree = BUILT_PRODUCTS_DIR; };
		543CAAC12425785F0056A35F /* TestAnimations */ = {isa = PBXFileReference; lastKnownFileType = folder; path = TestAnimations; sourceTree = "<group>"; };
		54AE36452425728F0060013F /* LottieExample.app */ = {isa = PBXFileReference; explicitFileType = wrapper.application; includeInIndex = 0; path = LottieExample.app; sourceTree = BUILT_PRODUCTS_DIR; };
		54AE36482425728F0060013F /* AppDelegate.swift */ = {isa = PBXFileReference; lastKnownFileType = sourcecode.swift; path = AppDelegate.swift; sourceTree = "<group>"; };
		54AE364A2425728F0060013F /* SceneDelegate.swift */ = {isa = PBXFileReference; lastKnownFileType = sourcecode.swift; path = SceneDelegate.swift; sourceTree = "<group>"; };
		54AE364C2425728F0060013F /* ViewController.swift */ = {isa = PBXFileReference; lastKnownFileType = sourcecode.swift; path = ViewController.swift; sourceTree = "<group>"; };
		54AE364F2425728F0060013F /* Base */ = {isa = PBXFileReference; lastKnownFileType = file.storyboard; name = Base; path = Base.lproj/Main.storyboard; sourceTree = "<group>"; };
		54AE3651242572910060013F /* Assets.xcassets */ = {isa = PBXFileReference; lastKnownFileType = folder.assetcatalog; path = Assets.xcassets; sourceTree = "<group>"; };
		54AE3654242572910060013F /* Base */ = {isa = PBXFileReference; lastKnownFileType = file.storyboard; name = Base; path = Base.lproj/LaunchScreen.storyboard; sourceTree = "<group>"; };
		54AE3656242572910060013F /* Info.plist */ = {isa = PBXFileReference; lastKnownFileType = text.plist.xml; path = Info.plist; sourceTree = "<group>"; };
		54AE365B242572910060013F /* LottieExampleTests.xctest */ = {isa = PBXFileReference; explicitFileType = wrapper.cfbundle; includeInIndex = 0; path = LottieExampleTests.xctest; sourceTree = BUILT_PRODUCTS_DIR; };
		54AE365F242572910060013F /* LottieExampleTests.swift */ = {isa = PBXFileReference; lastKnownFileType = sourcecode.swift; path = LottieExampleTests.swift; sourceTree = "<group>"; };
		54AE3661242572910060013F /* Info.plist */ = {isa = PBXFileReference; lastKnownFileType = text.plist.xml; path = Info.plist; sourceTree = "<group>"; };
		54AE3666242572910060013F /* LottieExampleUITests.xctest */ = {isa = PBXFileReference; explicitFileType = wrapper.cfbundle; includeInIndex = 0; path = LottieExampleUITests.xctest; sourceTree = BUILT_PRODUCTS_DIR; };
		54AE366A242572910060013F /* LottieExampleUITests.swift */ = {isa = PBXFileReference; lastKnownFileType = sourcecode.swift; path = LottieExampleUITests.swift; sourceTree = "<group>"; };
		54AE366C242572910060013F /* Info.plist */ = {isa = PBXFileReference; lastKnownFileType = text.plist.xml; path = Info.plist; sourceTree = "<group>"; };
		742C99BE35F9AD61617B53E8 /* Pods_LottieExampleTests.framework */ = {isa = PBXFileReference; explicitFileType = wrapper.framework; includeInIndex = 0; path = Pods_LottieExampleTests.framework; sourceTree = BUILT_PRODUCTS_DIR; };
		7B7FA7664AC62BC2FF0F26B8 /* Pods-LottieExample.release.xcconfig */ = {isa = PBXFileReference; includeInIndex = 1; lastKnownFileType = text.xcconfig; name = "Pods-LottieExample.release.xcconfig"; path = "Target Support Files/Pods-LottieExample/Pods-LottieExample.release.xcconfig"; sourceTree = "<group>"; };
		84376811218EDDB31C6E5D3F /* Pods_LottieExample.framework */ = {isa = PBXFileReference; explicitFileType = wrapper.framework; includeInIndex = 0; path = Pods_LottieExample.framework; sourceTree = BUILT_PRODUCTS_DIR; };
		B59DB607D6D8411618A18D00 /* Pods-LottieExampleTests.release.xcconfig */ = {isa = PBXFileReference; includeInIndex = 1; lastKnownFileType = text.xcconfig; name = "Pods-LottieExampleTests.release.xcconfig"; path = "Target Support Files/Pods-LottieExampleTests/Pods-LottieExampleTests.release.xcconfig"; sourceTree = "<group>"; };
		CBB2739F2FFB45FA8DB96B9B /* Pods-LottieExample-LottieExampleUITests.debug.xcconfig */ = {isa = PBXFileReference; includeInIndex = 1; lastKnownFileType = text.xcconfig; name = "Pods-LottieExample-LottieExampleUITests.debug.xcconfig"; path = "Target Support Files/Pods-LottieExample-LottieExampleUITests/Pods-LottieExample-LottieExampleUITests.debug.xcconfig"; sourceTree = "<group>"; };
		D0BCE1A8D0DE92178C4966CA /* Pods-LottieExample.debug.xcconfig */ = {isa = PBXFileReference; includeInIndex = 1; lastKnownFileType = text.xcconfig; name = "Pods-LottieExample.debug.xcconfig"; path = "Target Support Files/Pods-LottieExample/Pods-LottieExample.debug.xcconfig"; sourceTree = "<group>"; };
		F35C8696ADA33E81A659FCC2 /* Pods-LottieExampleTests.debug.xcconfig */ = {isa = PBXFileReference; includeInIndex = 1; lastKnownFileType = text.xcconfig; name = "Pods-LottieExampleTests.debug.xcconfig"; path = "Target Support Files/Pods-LottieExampleTests/Pods-LottieExampleTests.debug.xcconfig"; sourceTree = "<group>"; };
/* End PBXFileReference section */

/* Begin PBXFrameworksBuildPhase section */
		54AE36422425728F0060013F /* Frameworks */ = {
			isa = PBXFrameworksBuildPhase;
			buildActionMask = 2147483647;
			files = (
				5CB128A7DEAB2F1C43B0A2CB /* Pods_LottieExample.framework in Frameworks */,
			);
			runOnlyForDeploymentPostprocessing = 0;
		};
		54AE3658242572910060013F /* Frameworks */ = {
			isa = PBXFrameworksBuildPhase;
			buildActionMask = 2147483647;
			files = (
				B80CA3A175143618A66041AA /* Pods_LottieExampleTests.framework in Frameworks */,
			);
			runOnlyForDeploymentPostprocessing = 0;
		};
		54AE3663242572910060013F /* Frameworks */ = {
			isa = PBXFrameworksBuildPhase;
			buildActionMask = 2147483647;
			files = (
				5953854A5435D1F91B1B98AA /* Pods_LottieExample_LottieExampleUITests.framework in Frameworks */,
			);
			runOnlyForDeploymentPostprocessing = 0;
		};
/* End PBXFrameworksBuildPhase section */

/* Begin PBXGroup section */
		54AE363C2425728F0060013F = {
			isa = PBXGroup;
			children = (
				54AE36472425728F0060013F /* LottieExample */,
				54AE365E242572910060013F /* LottieExampleTests */,
				54AE3669242572910060013F /* LottieExampleUITests */,
				54AE36462425728F0060013F /* Products */,
				AA9D8C7387C6CCAF9838A672 /* Pods */,
				9EA6201F8E4C71BF42AAA568 /* Frameworks */,
			);
			sourceTree = "<group>";
		};
		54AE36462425728F0060013F /* Products */ = {
			isa = PBXGroup;
			children = (
				54AE36452425728F0060013F /* LottieExample.app */,
				54AE365B242572910060013F /* LottieExampleTests.xctest */,
				54AE3666242572910060013F /* LottieExampleUITests.xctest */,
			);
			name = Products;
			sourceTree = "<group>";
		};
		54AE36472425728F0060013F /* LottieExample */ = {
			isa = PBXGroup;
			children = (
				543CAAC12425785F0056A35F /* TestAnimations */,
				54AE36482425728F0060013F /* AppDelegate.swift */,
				54AE364A2425728F0060013F /* SceneDelegate.swift */,
				54AE364C2425728F0060013F /* ViewController.swift */,
				54AE364E2425728F0060013F /* Main.storyboard */,
				54AE3651242572910060013F /* Assets.xcassets */,
				54AE3653242572910060013F /* LaunchScreen.storyboard */,
				54AE3656242572910060013F /* Info.plist */,
			);
			path = LottieExample;
			sourceTree = "<group>";
		};
		54AE365E242572910060013F /* LottieExampleTests */ = {
			isa = PBXGroup;
			children = (
				54AE365F242572910060013F /* LottieExampleTests.swift */,
				54AE3661242572910060013F /* Info.plist */,
			);
			path = LottieExampleTests;
			sourceTree = "<group>";
		};
		54AE3669242572910060013F /* LottieExampleUITests */ = {
			isa = PBXGroup;
			children = (
				54AE366A242572910060013F /* LottieExampleUITests.swift */,
				54AE366C242572910060013F /* Info.plist */,
			);
			path = LottieExampleUITests;
			sourceTree = "<group>";
		};
		9EA6201F8E4C71BF42AAA568 /* Frameworks */ = {
			isa = PBXGroup;
			children = (
				84376811218EDDB31C6E5D3F /* Pods_LottieExample.framework */,
				33CEBD7D74BD9972FB5EE94F /* Pods_LottieExample_LottieExampleUITests.framework */,
				742C99BE35F9AD61617B53E8 /* Pods_LottieExampleTests.framework */,
			);
			name = Frameworks;
			sourceTree = "<group>";
		};
		AA9D8C7387C6CCAF9838A672 /* Pods */ = {
			isa = PBXGroup;
			children = (
				D0BCE1A8D0DE92178C4966CA /* Pods-LottieExample.debug.xcconfig */,
				7B7FA7664AC62BC2FF0F26B8 /* Pods-LottieExample.release.xcconfig */,
				CBB2739F2FFB45FA8DB96B9B /* Pods-LottieExample-LottieExampleUITests.debug.xcconfig */,
				0D4233C752107DDE6F4EE056 /* Pods-LottieExample-LottieExampleUITests.release.xcconfig */,
				F35C8696ADA33E81A659FCC2 /* Pods-LottieExampleTests.debug.xcconfig */,
				B59DB607D6D8411618A18D00 /* Pods-LottieExampleTests.release.xcconfig */,
			);
			path = Pods;
			sourceTree = "<group>";
		};
/* End PBXGroup section */

/* Begin PBXNativeTarget section */
		54AE36442425728F0060013F /* LottieExample */ = {
			isa = PBXNativeTarget;
			buildConfigurationList = 54AE366F242572910060013F /* Build configuration list for PBXNativeTarget "LottieExample" */;
			buildPhases = (
				6400CBDE3B49D3984E53F7B8 /* [CP] Check Pods Manifest.lock */,
				54AE36412425728F0060013F /* Sources */,
				54AE36422425728F0060013F /* Frameworks */,
				54AE36432425728F0060013F /* Resources */,
				B8E9FE0533340D428912629B /* [CP] Embed Pods Frameworks */,
			);
			buildRules = (
			);
			dependencies = (
			);
			name = LottieExample;
			productName = LottieExample;
			productReference = 54AE36452425728F0060013F /* LottieExample.app */;
			productType = "com.apple.product-type.application";
		};
		54AE365A242572910060013F /* LottieExampleTests */ = {
			isa = PBXNativeTarget;
			buildConfigurationList = 54AE3672242572910060013F /* Build configuration list for PBXNativeTarget "LottieExampleTests" */;
			buildPhases = (
				CAD778BF2B2DCD83AC102ED4 /* [CP] Check Pods Manifest.lock */,
				54AE3657242572910060013F /* Sources */,
				54AE3658242572910060013F /* Frameworks */,
				54AE3659242572910060013F /* Resources */,
			);
			buildRules = (
			);
			dependencies = (
				54AE365D242572910060013F /* PBXTargetDependency */,
			);
			name = LottieExampleTests;
			productName = LottieExampleTests;
			productReference = 54AE365B242572910060013F /* LottieExampleTests.xctest */;
			productType = "com.apple.product-type.bundle.unit-test";
		};
		54AE3665242572910060013F /* LottieExampleUITests */ = {
			isa = PBXNativeTarget;
			buildConfigurationList = 54AE3675242572910060013F /* Build configuration list for PBXNativeTarget "LottieExampleUITests" */;
			buildPhases = (
				8DB4D54C92F16D781922F45D /* [CP] Check Pods Manifest.lock */,
				54AE3662242572910060013F /* Sources */,
				54AE3663242572910060013F /* Frameworks */,
				54AE3664242572910060013F /* Resources */,
				A6A98522EF9D61C3843E45F8 /* [CP] Embed Pods Frameworks */,
			);
			buildRules = (
			);
			dependencies = (
				54AE3668242572910060013F /* PBXTargetDependency */,
			);
			name = LottieExampleUITests;
			productName = LottieExampleUITests;
			productReference = 54AE3666242572910060013F /* LottieExampleUITests.xctest */;
			productType = "com.apple.product-type.bundle.ui-testing";
		};
/* End PBXNativeTarget section */

/* Begin PBXProject section */
		54AE363D2425728F0060013F /* Project object */ = {
			isa = PBXProject;
			attributes = {
				LastSwiftUpdateCheck = 1130;
				LastUpgradeCheck = 1130;
				ORGANIZATIONNAME = Veli;
				TargetAttributes = {
					54AE36442425728F0060013F = {
						CreatedOnToolsVersion = 11.3.1;
					};
					54AE365A242572910060013F = {
						CreatedOnToolsVersion = 11.3.1;
						TestTargetID = 54AE36442425728F0060013F;
					};
					54AE3665242572910060013F = {
						CreatedOnToolsVersion = 11.3.1;
						TestTargetID = 54AE36442425728F0060013F;
					};
				};
			};
			buildConfigurationList = 54AE36402425728F0060013F /* Build configuration list for PBXProject "LottieExample" */;
			compatibilityVersion = "Xcode 9.3";
			developmentRegion = en;
			hasScannedForEncodings = 0;
			knownRegions = (
				en,
				Base,
			);
			mainGroup = 54AE363C2425728F0060013F;
			productRefGroup = 54AE36462425728F0060013F /* Products */;
			projectDirPath = "";
			projectRoot = "";
			targets = (
				54AE36442425728F0060013F /* LottieExample */,
				54AE365A242572910060013F /* LottieExampleTests */,
				54AE3665242572910060013F /* LottieExampleUITests */,
			);
		};
/* End PBXProject section */

/* Begin PBXResourcesBuildPhase section */
		54AE36432425728F0060013F /* Resources */ = {
			isa = PBXResourcesBuildPhase;
			buildActionMask = 2147483647;
			files = (
				54AE3655242572910060013F /* LaunchScreen.storyboard in Resources */,
				543CAAC22425785F0056A35F /* TestAnimations in Resources */,
				54AE3652242572910060013F /* Assets.xcassets in Resources */,
				54AE36502425728F0060013F /* Main.storyboard in Resources */,
			);
			runOnlyForDeploymentPostprocessing = 0;
		};
		54AE3659242572910060013F /* Resources */ = {
			isa = PBXResourcesBuildPhase;
			buildActionMask = 2147483647;
			files = (
				543CAAC32425785F0056A35F /* TestAnimations in Resources */,
			);
			runOnlyForDeploymentPostprocessing = 0;
		};
		54AE3664242572910060013F /* Resources */ = {
			isa = PBXResourcesBuildPhase;
			buildActionMask = 2147483647;
			files = (
				543CAAC42425785F0056A35F /* TestAnimations in Resources */,
			);
			runOnlyForDeploymentPostprocessing = 0;
		};
/* End PBXResourcesBuildPhase section */

/* Begin PBXShellScriptBuildPhase section */
		6400CBDE3B49D3984E53F7B8 /* [CP] Check Pods Manifest.lock */ = {
			isa = PBXShellScriptBuildPhase;
			buildActionMask = 2147483647;
			files = (
			);
			inputFileListPaths = (
			);
			inputPaths = (
				"${PODS_PODFILE_DIR_PATH}/Podfile.lock",
				"${PODS_ROOT}/Manifest.lock",
			);
			name = "[CP] Check Pods Manifest.lock";
			outputFileListPaths = (
			);
			outputPaths = (
				"$(DERIVED_FILE_DIR)/Pods-LottieExample-checkManifestLockResult.txt",
			);
			runOnlyForDeploymentPostprocessing = 0;
			shellPath = /bin/sh;
			shellScript = "diff \"${PODS_PODFILE_DIR_PATH}/Podfile.lock\" \"${PODS_ROOT}/Manifest.lock\" > /dev/null\nif [ $? != 0 ] ; then\n    # print error to STDERR\n    echo \"error: The sandbox is not in sync with the Podfile.lock. Run 'pod install' or update your CocoaPods installation.\" >&2\n    exit 1\nfi\n# This output is used by Xcode 'outputs' to avoid re-running this script phase.\necho \"SUCCESS\" > \"${SCRIPT_OUTPUT_FILE_0}\"\n";
			showEnvVarsInLog = 0;
		};
		8DB4D54C92F16D781922F45D /* [CP] Check Pods Manifest.lock */ = {
			isa = PBXShellScriptBuildPhase;
			buildActionMask = 2147483647;
			files = (
			);
			inputFileListPaths = (
			);
			inputPaths = (
				"${PODS_PODFILE_DIR_PATH}/Podfile.lock",
				"${PODS_ROOT}/Manifest.lock",
			);
			name = "[CP] Check Pods Manifest.lock";
			outputFileListPaths = (
			);
			outputPaths = (
				"$(DERIVED_FILE_DIR)/Pods-LottieExample-LottieExampleUITests-checkManifestLockResult.txt",
			);
			runOnlyForDeploymentPostprocessing = 0;
			shellPath = /bin/sh;
			shellScript = "diff \"${PODS_PODFILE_DIR_PATH}/Podfile.lock\" \"${PODS_ROOT}/Manifest.lock\" > /dev/null\nif [ $? != 0 ] ; then\n    # print error to STDERR\n    echo \"error: The sandbox is not in sync with the Podfile.lock. Run 'pod install' or update your CocoaPods installation.\" >&2\n    exit 1\nfi\n# This output is used by Xcode 'outputs' to avoid re-running this script phase.\necho \"SUCCESS\" > \"${SCRIPT_OUTPUT_FILE_0}\"\n";
			showEnvVarsInLog = 0;
		};
		A6A98522EF9D61C3843E45F8 /* [CP] Embed Pods Frameworks */ = {
			isa = PBXShellScriptBuildPhase;
			buildActionMask = 2147483647;
			files = (
			);
			inputFileListPaths = (
				"${PODS_ROOT}/Target Support Files/Pods-LottieExample-LottieExampleUITests/Pods-LottieExample-LottieExampleUITests-frameworks-${CONFIGURATION}-input-files.xcfilelist",
			);
			name = "[CP] Embed Pods Frameworks";
			outputFileListPaths = (
				"${PODS_ROOT}/Target Support Files/Pods-LottieExample-LottieExampleUITests/Pods-LottieExample-LottieExampleUITests-frameworks-${CONFIGURATION}-output-files.xcfilelist",
			);
			runOnlyForDeploymentPostprocessing = 0;
			shellPath = /bin/sh;
			shellScript = "\"${PODS_ROOT}/Target Support Files/Pods-LottieExample-LottieExampleUITests/Pods-LottieExample-LottieExampleUITests-frameworks.sh\"\n";
			showEnvVarsInLog = 0;
		};
		B8E9FE0533340D428912629B /* [CP] Embed Pods Frameworks */ = {
			isa = PBXShellScriptBuildPhase;
			buildActionMask = 2147483647;
			files = (
			);
			inputFileListPaths = (
				"${PODS_ROOT}/Target Support Files/Pods-LottieExample/Pods-LottieExample-frameworks-${CONFIGURATION}-input-files.xcfilelist",
			);
			name = "[CP] Embed Pods Frameworks";
			outputFileListPaths = (
				"${PODS_ROOT}/Target Support Files/Pods-LottieExample/Pods-LottieExample-frameworks-${CONFIGURATION}-output-files.xcfilelist",
			);
			runOnlyForDeploymentPostprocessing = 0;
			shellPath = /bin/sh;
			shellScript = "\"${PODS_ROOT}/Target Support Files/Pods-LottieExample/Pods-LottieExample-frameworks.sh\"\n";
			showEnvVarsInLog = 0;
		};
		CAD778BF2B2DCD83AC102ED4 /* [CP] Check Pods Manifest.lock */ = {
			isa = PBXShellScriptBuildPhase;
			buildActionMask = 2147483647;
			files = (
			);
			inputFileListPaths = (
			);
			inputPaths = (
				"${PODS_PODFILE_DIR_PATH}/Podfile.lock",
				"${PODS_ROOT}/Manifest.lock",
			);
			name = "[CP] Check Pods Manifest.lock";
			outputFileListPaths = (
			);
			outputPaths = (
				"$(DERIVED_FILE_DIR)/Pods-LottieExampleTests-checkManifestLockResult.txt",
			);
			runOnlyForDeploymentPostprocessing = 0;
			shellPath = /bin/sh;
			shellScript = "diff \"${PODS_PODFILE_DIR_PATH}/Podfile.lock\" \"${PODS_ROOT}/Manifest.lock\" > /dev/null\nif [ $? != 0 ] ; then\n    # print error to STDERR\n    echo \"error: The sandbox is not in sync with the Podfile.lock. Run 'pod install' or update your CocoaPods installation.\" >&2\n    exit 1\nfi\n# This output is used by Xcode 'outputs' to avoid re-running this script phase.\necho \"SUCCESS\" > \"${SCRIPT_OUTPUT_FILE_0}\"\n";
			showEnvVarsInLog = 0;
		};
/* End PBXShellScriptBuildPhase section */

/* Begin PBXSourcesBuildPhase section */
		54AE36412425728F0060013F /* Sources */ = {
			isa = PBXSourcesBuildPhase;
			buildActionMask = 2147483647;
			files = (
				54AE364D2425728F0060013F /* ViewController.swift in Sources */,
				54AE36492425728F0060013F /* AppDelegate.swift in Sources */,
				54AE364B2425728F0060013F /* SceneDelegate.swift in Sources */,
			);
			runOnlyForDeploymentPostprocessing = 0;
		};
		54AE3657242572910060013F /* Sources */ = {
			isa = PBXSourcesBuildPhase;
			buildActionMask = 2147483647;
			files = (
				54AE3660242572910060013F /* LottieExampleTests.swift in Sources */,
			);
			runOnlyForDeploymentPostprocessing = 0;
		};
		54AE3662242572910060013F /* Sources */ = {
			isa = PBXSourcesBuildPhase;
			buildActionMask = 2147483647;
			files = (
				54AE366B242572910060013F /* LottieExampleUITests.swift in Sources */,
			);
			runOnlyForDeploymentPostprocessing = 0;
		};
/* End PBXSourcesBuildPhase section */

/* Begin PBXTargetDependency section */
		54AE365D242572910060013F /* PBXTargetDependency */ = {
			isa = PBXTargetDependency;
			target = 54AE36442425728F0060013F /* LottieExample */;
			targetProxy = 54AE365C242572910060013F /* PBXContainerItemProxy */;
		};
		54AE3668242572910060013F /* PBXTargetDependency */ = {
			isa = PBXTargetDependency;
			target = 54AE36442425728F0060013F /* LottieExample */;
			targetProxy = 54AE3667242572910060013F /* PBXContainerItemProxy */;
		};
/* End PBXTargetDependency section */

/* Begin PBXVariantGroup section */
		54AE364E2425728F0060013F /* Main.storyboard */ = {
			isa = PBXVariantGroup;
			children = (
				54AE364F2425728F0060013F /* Base */,
			);
			name = Main.storyboard;
			sourceTree = "<group>";
		};
		54AE3653242572910060013F /* LaunchScreen.storyboard */ = {
			isa = PBXVariantGroup;
			children = (
				54AE3654242572910060013F /* Base */,
			);
			name = LaunchScreen.storyboard;
			sourceTree = "<group>";
		};
/* End PBXVariantGroup section */

/* Begin XCBuildConfiguration section */
		54AE366D242572910060013F /* Debug */ = {
			isa = XCBuildConfiguration;
			buildSettings = {
				ALWAYS_SEARCH_USER_PATHS = NO;
				CLANG_ANALYZER_NONNULL = YES;
				CLANG_ANALYZER_NUMBER_OBJECT_CONVERSION = YES_AGGRESSIVE;
				CLANG_CXX_LANGUAGE_STANDARD = "gnu++14";
				CLANG_CXX_LIBRARY = "libc++";
				CLANG_ENABLE_MODULES = YES;
				CLANG_ENABLE_OBJC_ARC = YES;
				CLANG_ENABLE_OBJC_WEAK = YES;
				CLANG_WARN_BLOCK_CAPTURE_AUTORELEASING = YES;
				CLANG_WARN_BOOL_CONVERSION = YES;
				CLANG_WARN_COMMA = YES;
				CLANG_WARN_CONSTANT_CONVERSION = YES;
				CLANG_WARN_DEPRECATED_OBJC_IMPLEMENTATIONS = YES;
				CLANG_WARN_DIRECT_OBJC_ISA_USAGE = YES_ERROR;
				CLANG_WARN_DOCUMENTATION_COMMENTS = YES;
				CLANG_WARN_EMPTY_BODY = YES;
				CLANG_WARN_ENUM_CONVERSION = YES;
				CLANG_WARN_INFINITE_RECURSION = YES;
				CLANG_WARN_INT_CONVERSION = YES;
				CLANG_WARN_NON_LITERAL_NULL_CONVERSION = YES;
				CLANG_WARN_OBJC_IMPLICIT_RETAIN_SELF = YES;
				CLANG_WARN_OBJC_LITERAL_CONVERSION = YES;
				CLANG_WARN_OBJC_ROOT_CLASS = YES_ERROR;
				CLANG_WARN_RANGE_LOOP_ANALYSIS = YES;
				CLANG_WARN_STRICT_PROTOTYPES = YES;
				CLANG_WARN_SUSPICIOUS_MOVE = YES;
				CLANG_WARN_UNGUARDED_AVAILABILITY = YES_AGGRESSIVE;
				CLANG_WARN_UNREACHABLE_CODE = YES;
				CLANG_WARN__DUPLICATE_METHOD_MATCH = YES;
				COPY_PHASE_STRIP = NO;
				DEBUG_INFORMATION_FORMAT = dwarf;
				ENABLE_STRICT_OBJC_MSGSEND = YES;
				ENABLE_TESTABILITY = YES;
				GCC_C_LANGUAGE_STANDARD = gnu11;
				GCC_DYNAMIC_NO_PIC = NO;
				GCC_NO_COMMON_BLOCKS = YES;
				GCC_OPTIMIZATION_LEVEL = 0;
				GCC_PREPROCESSOR_DEFINITIONS = (
					"DEBUG=1",
					"$(inherited)",
				);
				GCC_WARN_64_TO_32_BIT_CONVERSION = YES;
				GCC_WARN_ABOUT_RETURN_TYPE = YES_ERROR;
				GCC_WARN_UNDECLARED_SELECTOR = YES;
				GCC_WARN_UNINITIALIZED_AUTOS = YES_AGGRESSIVE;
				GCC_WARN_UNUSED_FUNCTION = YES;
				GCC_WARN_UNUSED_VARIABLE = YES;
				IPHONEOS_DEPLOYMENT_TARGET = 13.2;
				MTL_ENABLE_DEBUG_INFO = INCLUDE_SOURCE;
				MTL_FAST_MATH = YES;
				ONLY_ACTIVE_ARCH = YES;
				SDKROOT = iphoneos;
				SWIFT_ACTIVE_COMPILATION_CONDITIONS = DEBUG;
				SWIFT_OPTIMIZATION_LEVEL = "-Onone";
			};
			name = Debug;
		};
		54AE366E242572910060013F /* Release */ = {
			isa = XCBuildConfiguration;
			buildSettings = {
				ALWAYS_SEARCH_USER_PATHS = NO;
				CLANG_ANALYZER_NONNULL = YES;
				CLANG_ANALYZER_NUMBER_OBJECT_CONVERSION = YES_AGGRESSIVE;
				CLANG_CXX_LANGUAGE_STANDARD = "gnu++14";
				CLANG_CXX_LIBRARY = "libc++";
				CLANG_ENABLE_MODULES = YES;
				CLANG_ENABLE_OBJC_ARC = YES;
				CLANG_ENABLE_OBJC_WEAK = YES;
				CLANG_WARN_BLOCK_CAPTURE_AUTORELEASING = YES;
				CLANG_WARN_BOOL_CONVERSION = YES;
				CLANG_WARN_COMMA = YES;
				CLANG_WARN_CONSTANT_CONVERSION = YES;
				CLANG_WARN_DEPRECATED_OBJC_IMPLEMENTATIONS = YES;
				CLANG_WARN_DIRECT_OBJC_ISA_USAGE = YES_ERROR;
				CLANG_WARN_DOCUMENTATION_COMMENTS = YES;
				CLANG_WARN_EMPTY_BODY = YES;
				CLANG_WARN_ENUM_CONVERSION = YES;
				CLANG_WARN_INFINITE_RECURSION = YES;
				CLANG_WARN_INT_CONVERSION = YES;
				CLANG_WARN_NON_LITERAL_NULL_CONVERSION = YES;
				CLANG_WARN_OBJC_IMPLICIT_RETAIN_SELF = YES;
				CLANG_WARN_OBJC_LITERAL_CONVERSION = YES;
				CLANG_WARN_OBJC_ROOT_CLASS = YES_ERROR;
				CLANG_WARN_RANGE_LOOP_ANALYSIS = YES;
				CLANG_WARN_STRICT_PROTOTYPES = YES;
				CLANG_WARN_SUSPICIOUS_MOVE = YES;
				CLANG_WARN_UNGUARDED_AVAILABILITY = YES_AGGRESSIVE;
				CLANG_WARN_UNREACHABLE_CODE = YES;
				CLANG_WARN__DUPLICATE_METHOD_MATCH = YES;
				COPY_PHASE_STRIP = NO;
				DEBUG_INFORMATION_FORMAT = "dwarf-with-dsym";
				ENABLE_NS_ASSERTIONS = NO;
				ENABLE_STRICT_OBJC_MSGSEND = YES;
				GCC_C_LANGUAGE_STANDARD = gnu11;
				GCC_NO_COMMON_BLOCKS = YES;
				GCC_WARN_64_TO_32_BIT_CONVERSION = YES;
				GCC_WARN_ABOUT_RETURN_TYPE = YES_ERROR;
				GCC_WARN_UNDECLARED_SELECTOR = YES;
				GCC_WARN_UNINITIALIZED_AUTOS = YES_AGGRESSIVE;
				GCC_WARN_UNUSED_FUNCTION = YES;
				GCC_WARN_UNUSED_VARIABLE = YES;
				IPHONEOS_DEPLOYMENT_TARGET = 13.2;
				MTL_ENABLE_DEBUG_INFO = NO;
				MTL_FAST_MATH = YES;
				SDKROOT = iphoneos;
				SWIFT_COMPILATION_MODE = wholemodule;
				SWIFT_OPTIMIZATION_LEVEL = "-O";
				VALIDATE_PRODUCT = YES;
			};
			name = Release;
		};
		54AE3670242572910060013F /* Debug */ = {
			isa = XCBuildConfiguration;
			baseConfigurationReference = D0BCE1A8D0DE92178C4966CA /* Pods-LottieExample.debug.xcconfig */;
			buildSettings = {
				ASSETCATALOG_COMPILER_APPICON_NAME = AppIcon;
				CODE_SIGN_STYLE = Automatic;
				INFOPLIST_FILE = LottieExample/Info.plist;
				LD_RUNPATH_SEARCH_PATHS = (
					"$(inherited)",
					"@executable_path/Frameworks",
				);
				PRODUCT_BUNDLE_IDENTIFIER = vb.LottieExample;
				PRODUCT_NAME = "$(TARGET_NAME)";
				SWIFT_VERSION = 5.0;
				TARGETED_DEVICE_FAMILY = "1,2";
			};
			name = Debug;
		};
		54AE3671242572910060013F /* Release */ = {
			isa = XCBuildConfiguration;
			baseConfigurationReference = 7B7FA7664AC62BC2FF0F26B8 /* Pods-LottieExample.release.xcconfig */;
			buildSettings = {
				ASSETCATALOG_COMPILER_APPICON_NAME = AppIcon;
				CODE_SIGN_STYLE = Automatic;
				INFOPLIST_FILE = LottieExample/Info.plist;
				LD_RUNPATH_SEARCH_PATHS = (
					"$(inherited)",
					"@executable_path/Frameworks",
				);
				PRODUCT_BUNDLE_IDENTIFIER = vb.LottieExample;
				PRODUCT_NAME = "$(TARGET_NAME)";
				SWIFT_VERSION = 5.0;
				TARGETED_DEVICE_FAMILY = "1,2";
			};
			name = Release;
		};
		54AE3673242572910060013F /* Debug */ = {
			isa = XCBuildConfiguration;
			baseConfigurationReference = F35C8696ADA33E81A659FCC2 /* Pods-LottieExampleTests.debug.xcconfig */;
			buildSettings = {
				ALWAYS_EMBED_SWIFT_STANDARD_LIBRARIES = YES;
				BUNDLE_LOADER = "$(TEST_HOST)";
				CODE_SIGN_STYLE = Automatic;
				INFOPLIST_FILE = LottieExampleTests/Info.plist;
				IPHONEOS_DEPLOYMENT_TARGET = 13.2;
				LD_RUNPATH_SEARCH_PATHS = (
					"$(inherited)",
					"@executable_path/Frameworks",
					"@loader_path/Frameworks",
				);
				PRODUCT_BUNDLE_IDENTIFIER = vb.LottieExampleTests;
				PRODUCT_NAME = "$(TARGET_NAME)";
				SWIFT_VERSION = 5.0;
				TARGETED_DEVICE_FAMILY = "1,2";
				TEST_HOST = "$(BUILT_PRODUCTS_DIR)/LottieExample.app/LottieExample";
			};
			name = Debug;
		};
		54AE3674242572910060013F /* Release */ = {
			isa = XCBuildConfiguration;
			baseConfigurationReference = B59DB607D6D8411618A18D00 /* Pods-LottieExampleTests.release.xcconfig */;
			buildSettings = {
				ALWAYS_EMBED_SWIFT_STANDARD_LIBRARIES = YES;
				BUNDLE_LOADER = "$(TEST_HOST)";
				CODE_SIGN_STYLE = Automatic;
				INFOPLIST_FILE = LottieExampleTests/Info.plist;
				IPHONEOS_DEPLOYMENT_TARGET = 13.2;
				LD_RUNPATH_SEARCH_PATHS = (
					"$(inherited)",
					"@executable_path/Frameworks",
					"@loader_path/Frameworks",
				);
				PRODUCT_BUNDLE_IDENTIFIER = vb.LottieExampleTests;
				PRODUCT_NAME = "$(TARGET_NAME)";
				SWIFT_VERSION = 5.0;
				TARGETED_DEVICE_FAMILY = "1,2";
				TEST_HOST = "$(BUILT_PRODUCTS_DIR)/LottieExample.app/LottieExample";
			};
			name = Release;
		};
		54AE3676242572910060013F /* Debug */ = {
			isa = XCBuildConfiguration;
			baseConfigurationReference = CBB2739F2FFB45FA8DB96B9B /* Pods-LottieExample-LottieExampleUITests.debug.xcconfig */;
			buildSettings = {
				ALWAYS_EMBED_SWIFT_STANDARD_LIBRARIES = YES;
				CODE_SIGN_STYLE = Automatic;
				INFOPLIST_FILE = LottieExampleUITests/Info.plist;
				LD_RUNPATH_SEARCH_PATHS = (
					"$(inherited)",
					"@executable_path/Frameworks",
					"@loader_path/Frameworks",
				);
				PRODUCT_BUNDLE_IDENTIFIER = vb.LottieExampleUITests;
				PRODUCT_NAME = "$(TARGET_NAME)";
				SWIFT_VERSION = 5.0;
				TARGETED_DEVICE_FAMILY = "1,2";
				TEST_TARGET_NAME = LottieExample;
			};
			name = Debug;
		};
		54AE3677242572910060013F /* Release */ = {
			isa = XCBuildConfiguration;
			baseConfigurationReference = 0D4233C752107DDE6F4EE056 /* Pods-LottieExample-LottieExampleUITests.release.xcconfig */;
			buildSettings = {
				ALWAYS_EMBED_SWIFT_STANDARD_LIBRARIES = YES;
				CODE_SIGN_STYLE = Automatic;
				INFOPLIST_FILE = LottieExampleUITests/Info.plist;
				LD_RUNPATH_SEARCH_PATHS = (
					"$(inherited)",
					"@executable_path/Frameworks",
					"@loader_path/Frameworks",
				);
				PRODUCT_BUNDLE_IDENTIFIER = vb.LottieExampleUITests;
				PRODUCT_NAME = "$(TARGET_NAME)";
				SWIFT_VERSION = 5.0;
				TARGETED_DEVICE_FAMILY = "1,2";
				TEST_TARGET_NAME = LottieExample;
			};
			name = Release;
		};
/* End XCBuildConfiguration section */

/* Begin XCConfigurationList section */
		54AE36402425728F0060013F /* Build configuration list for PBXProject "LottieExample" */ = {
			isa = XCConfigurationList;
			buildConfigurations = (
				54AE366D242572910060013F /* Debug */,
				54AE366E242572910060013F /* Release */,
			);
			defaultConfigurationIsVisible = 0;
			defaultConfigurationName = Release;
		};
		54AE366F242572910060013F /* Build configuration list for PBXNativeTarget "LottieExample" */ = {
			isa = XCConfigurationList;
			buildConfigurations = (
				54AE3670242572910060013F /* Debug */,
				54AE3671242572910060013F /* Release */,
			);
			defaultConfigurationIsVisible = 0;
			defaultConfigurationName = Release;
		};
		54AE3672242572910060013F /* Build configuration list for PBXNativeTarget "LottieExampleTests" */ = {
			isa = XCConfigurationList;
			buildConfigurations = (
				54AE3673242572910060013F /* Debug */,
				54AE3674242572910060013F /* Release */,
			);
			defaultConfigurationIsVisible = 0;
			defaultConfigurationName = Release;
		};
		54AE3675242572910060013F /* Build configuration list for PBXNativeTarget "LottieExampleUITests" */ = {
			isa = XCConfigurationList;
			buildConfigurations = (
				54AE3676242572910060013F /* Debug */,
				54AE3677242572910060013F /* Release */,
			);
			defaultConfigurationIsVisible = 0;
			defaultConfigurationName = Release;
		};
/* End XCConfigurationList section */
	};
	rootObject = 54AE363D2425728F0060013F /* Project object */;
}
